
Microsoft Visual Studio Solution File, Format Version 12.00
# Visual Studio Version 17
VisualStudioVersion = 17.5.002.0
MinimumVisualStudioVersion = 10.0.40219.1
Project("{9A19103F-16F7-4668-BE54-9A1E7A4F7556}") = "LoadingAsync", "LoadingAsync.csproj", "{EDAAFBE0-44CE-49E7-87A2-13CC7D87474C}"
EndProject
Global
	GlobalSection(SolutionConfigurationPlatforms) = preSolution
		Debug|Any CPU = Debug|Any CPU
		Release|Any CPU = Release|Any CPU
	EndGlobalSection
	GlobalSection(ProjectConfigurationPlatforms) = postSolution
		{EDAAFBE0-44CE-49E7-87A2-13CC7D87474C}.Debug|Any CPU.ActiveCfg = Debug|Any CPU
		{EDAAFBE0-44CE-49E7-87A2-13CC7D87474C}.Debug|Any CPU.Build.0 = Debug|Any CPU
		{EDAAFBE0-44CE-49E7-87A2-13CC7D87474C}.Release|Any CPU.ActiveCfg = Release|Any CPU
		{EDAAFBE0-44CE-49E7-87A2-13CC7D87474C}.Release|Any CPU.Build.0 = Release|Any CPU
	EndGlobalSection
	GlobalSection(SolutionProperties) = preSolution
		HideSolutionNode = FALSE
	EndGlobalSection
	GlobalSection(ExtensibilityGlobals) = postSolution
		SolutionGuid = {63AEF808-962E-4136-A354-4CDE683E3CBA}
	EndGlobalSection
EndGlobal
