
Microsoft Visual Studio Solution File, Format Version 12.00
# Visual Studio Version 17
VisualStudioVersion = 17.5.001.0
MinimumVisualStudioVersion = 10.0.40219.1
Project("{9A19103F-16F7-4668-BE54-9A1E7A4F7556}") = "BasketPlayer", "BasketPlayer.csproj", "{BCDB3E10-7D8F-4B6E-9607-B004BFB53421}"
EndProject
Global
	GlobalSection(SolutionConfigurationPlatforms) = preSolution
		Debug|Any CPU = Debug|Any CPU
		Release|Any CPU = Release|Any CPU
	EndGlobalSection
	GlobalSection(ProjectConfigurationPlatforms) = postSolution
		{BCDB3E10-7D8F-4B6E-9607-B004BFB53421}.Debug|Any CPU.ActiveCfg = Debug|Any CPU
		{BCDB3E10-7D8F-4B6E-9607-B004BFB53421}.Debug|Any CPU.Build.0 = Debug|Any CPU
		{BCDB3E10-7D8F-4B6E-9607-B004BFB53421}.Release|Any CPU.ActiveCfg = Release|Any CPU
		{BCDB3E10-7D8F-4B6E-9607-B004BFB53421}.Release|Any CPU.Build.0 = Release|Any CPU
	EndGlobalSection
	GlobalSection(SolutionProperties) = preSolution
		HideSolutionNode = FALSE
	EndGlobalSection
	GlobalSection(ExtensibilityGlobals) = postSolution
		SolutionGuid = {BD634063-789C-4134-8856-427CC3BCD889}
	EndGlobalSection
EndGlobal
