
Microsoft Visual Studio Solution File, Format Version 12.00
# Visual Studio Version 17
VisualStudioVersion = 17.5.002.0
MinimumVisualStudioVersion = 10.0.40219.1
Project("{9A19103F-16F7-4668-BE54-9A1E7A4F7556}") = "DebugAndTrace", "DebugAndTrace.csproj", "{EEADD8C2-09E0-4DAA-B289-8C2009CB24BA}"
EndProject
Global
	GlobalSection(SolutionConfigurationPlatforms) = preSolution
		Debug|Any CPU = Debug|Any CPU
		Release|Any CPU = Release|Any CPU
	EndGlobalSection
	GlobalSection(ProjectConfigurationPlatforms) = postSolution
		{EEADD8C2-09E0-4DAA-B289-8C2009CB24BA}.Debug|Any CPU.ActiveCfg = Debug|Any CPU
		{EEADD8C2-09E0-4DAA-B289-8C2009CB24BA}.Debug|Any CPU.Build.0 = Debug|Any CPU
		{EEADD8C2-09E0-4DAA-B289-8C2009CB24BA}.Release|Any CPU.ActiveCfg = Release|Any CPU
		{EEADD8C2-09E0-4DAA-B289-8C2009CB24BA}.Release|Any CPU.Build.0 = Release|Any CPU
	EndGlobalSection
	GlobalSection(SolutionProperties) = preSolution
		HideSolutionNode = FALSE
	EndGlobalSection
	GlobalSection(ExtensibilityGlobals) = postSolution
		SolutionGuid = {5CCCDF83-283C-4FCC-A130-AA1D56AFF300}
	EndGlobalSection
EndGlobal
