
Microsoft Visual Studio Solution File, Format Version 12.00
# Visual Studio Version 17
VisualStudioVersion = 17.5.001.0
MinimumVisualStudioVersion = 10.0.40219.1
Project("{9A19103F-16F7-4668-BE54-9A1E7A4F7556}") = "day_7", "day_7.csproj", "{7DA59844-D87F-438E-8F8D-5CEA206E97BC}"
EndProject
Global
	GlobalSection(SolutionConfigurationPlatforms) = preSolution
		Debug|Any CPU = Debug|Any CPU
		Release|Any CPU = Release|Any CPU
	EndGlobalSection
	GlobalSection(ProjectConfigurationPlatforms) = postSolution
		{7DA59844-D87F-438E-8F8D-5CEA206E97BC}.Debug|Any CPU.ActiveCfg = Debug|Any CPU
		{7DA59844-D87F-438E-8F8D-5CEA206E97BC}.Debug|Any CPU.Build.0 = Debug|Any CPU
		{7DA59844-D87F-438E-8F8D-5CEA206E97BC}.Release|Any CPU.ActiveCfg = Release|Any CPU
		{7DA59844-D87F-438E-8F8D-5CEA206E97BC}.Release|Any CPU.Build.0 = Release|Any CPU
	EndGlobalSection
	GlobalSection(SolutionProperties) = preSolution
		HideSolutionNode = FALSE
	EndGlobalSection
	GlobalSection(ExtensibilityGlobals) = postSolution
		SolutionGuid = {6373D5BF-5838-4421-8992-A467D002A8BF}
	EndGlobalSection
EndGlobal
